// !$*UTF8*$!
{
	archiveVersion = 1;
	classes = {
	};
	objectVersion = 50;
	objects = {

/* Begin PBXBuildFile section */
		2305898E216DFDB500BDAC42 /* UIFont+.swift in Sources */ = {isa = PBXBuildFile; fileRef = 2305898D216DFDB500BDAC42 /* UIFont+.swift */; };
		23087637215E6BE200266F2A /* SearchVC.swift in Sources */ = {isa = PBXBuildFile; fileRef = 23087636215E6BE200266F2A /* SearchVC.swift */; };
		2308763D215EAB8800266F2A /* RealmService.swift in Sources */ = {isa = PBXBuildFile; fileRef = 2308763C215EAB8800266F2A /* RealmService.swift */; };
		231139F0216E6F00004BF758 /* start.gif in Resources */ = {isa = PBXBuildFile; fileRef = 231139EF216E6F00004BF758 /* start.gif */; };
		231139F2216E6F53004BF758 /* video.gif in Resources */ = {isa = PBXBuildFile; fileRef = 231139F1216E6F53004BF758 /* video.gif */; };
		231139F4216E70A7004BF758 /* favorites.gif in Resources */ = {isa = PBXBuildFile; fileRef = 231139F3216E70A7004BF758 /* favorites.gif */; };
		231139F6216E7440004BF758 /* radio.gif in Resources */ = {isa = PBXBuildFile; fileRef = 231139F5216E7440004BF758 /* radio.gif */; };
		231139F8216E756E004BF758 /* search.gif in Resources */ = {isa = PBXBuildFile; fileRef = 231139F7216E756E004BF758 /* search.gif */; };
		231139FA216E7808004BF758 /* read.gif in Resources */ = {isa = PBXBuildFile; fileRef = 231139F9216E7808004BF758 /* read.gif */; };
		231D70ED215FB71900E2CCC9 /* SmallArticleLeftCell.swift in Sources */ = {isa = PBXBuildFile; fileRef = 231D70EC215FB71900E2CCC9 /* SmallArticleLeftCell.swift */; };
		231D70EF215FB91D00E2CCC9 /* SmallArticleLeftCell.xib in Resources */ = {isa = PBXBuildFile; fileRef = 231D70EE215FB91D00E2CCC9 /* SmallArticleLeftCell.xib */; };
		232617EC2171225600865D98 /* RadioViewModel.swift in Sources */ = {isa = PBXBuildFile; fileRef = 232617EB2171225600865D98 /* RadioViewModel.swift */; };
		2361ABBF2174FF7E00C8F556 /* DownloadableVideo.swift in Sources */ = {isa = PBXBuildFile; fileRef = 2361ABBE2174FF7E00C8F556 /* DownloadableVideo.swift */; };
		23674422216B37840072BE80 /* VideoCell.xib in Resources */ = {isa = PBXBuildFile; fileRef = 23674421216B37840072BE80 /* VideoCell.xib */; };
		237E092F215BEA1B0039FE28 /* Article.swift in Sources */ = {isa = PBXBuildFile; fileRef = 237E092E215BEA1B0039FE28 /* Article.swift */; };
		237E0931215BEA390039FE28 /* ArticleDataService.swift in Sources */ = {isa = PBXBuildFile; fileRef = 237E0930215BEA390039FE28 /* ArticleDataService.swift */; };
		237E0933215BED7D0039FE28 /* APIKeys.swift in Sources */ = {isa = PBXBuildFile; fileRef = 237E0932215BED7D0039FE28 /* APIKeys.swift */; };
		237E0935215C00A40039FE28 /* UpdatedCell.swift in Sources */ = {isa = PBXBuildFile; fileRef = 237E0934215C00A40039FE28 /* UpdatedCell.swift */; };
		237E0937215C04550039FE28 /* UpdatedCell.xib in Resources */ = {isa = PBXBuildFile; fileRef = 237E0936215C04550039FE28 /* UpdatedCell.xib */; };
		237E0939215C05090039FE28 /* ArticleCell.swift in Sources */ = {isa = PBXBuildFile; fileRef = 237E0938215C05090039FE28 /* ArticleCell.swift */; };
		237E093D215C17260039FE28 /* DateformatterService.swift in Sources */ = {isa = PBXBuildFile; fileRef = 237E093C215C17260039FE28 /* DateformatterService.swift */; };
		237E093F215C195F0039FE28 /* ArticleCell.xib in Resources */ = {isa = PBXBuildFile; fileRef = 237E093E215C195F0039FE28 /* ArticleCell.xib */; };
		237E0941215C23C00039FE28 /* SmallArticleRightCell.swift in Sources */ = {isa = PBXBuildFile; fileRef = 237E0940215C23C00039FE28 /* SmallArticleRightCell.swift */; };
		237E0943215C23EE0039FE28 /* SmallArticleRightCell.xib in Resources */ = {isa = PBXBuildFile; fileRef = 237E0942215C23EE0039FE28 /* SmallArticleRightCell.xib */; };
		237E0945215C30B50039FE28 /* Date+.swift in Sources */ = {isa = PBXBuildFile; fileRef = 237E0944215C30B50039FE28 /* Date+.swift */; };
		237E0948215C3DF80039FE28 /* TopicCell.xib in Resources */ = {isa = PBXBuildFile; fileRef = 237E0947215C3DF80039FE28 /* TopicCell.xib */; };
		237E094A215C400E0039FE28 /* TopicCell.swift in Sources */ = {isa = PBXBuildFile; fileRef = 237E0949215C400E0039FE28 /* TopicCell.swift */; };
		237E094C215C5E2E0039FE28 /* ImageService.swift in Sources */ = {isa = PBXBuildFile; fileRef = 237E094B215C5E2E0039FE28 /* ImageService.swift */; };
		237E094E215C60FD0039FE28 /* ArticleDVC.swift in Sources */ = {isa = PBXBuildFile; fileRef = 237E094D215C60FD0039FE28 /* ArticleDVC.swift */; };
		237E52F32168EEA4004DB8B1 /* ContainerVC.swift in Sources */ = {isa = PBXBuildFile; fileRef = 237E52F22168EEA4004DB8B1 /* ContainerVC.swift */; };
		237E52F52168F0C5004DB8B1 /* RadioVC.swift in Sources */ = {isa = PBXBuildFile; fileRef = 237E52F42168F0C5004DB8B1 /* RadioVC.swift */; };
		237E52F72168F0DC004DB8B1 /* VideoVC.swift in Sources */ = {isa = PBXBuildFile; fileRef = 237E52F62168F0DC004DB8B1 /* VideoVC.swift */; };
		237E52FB2168F54B004DB8B1 /* MenuCell.swift in Sources */ = {isa = PBXBuildFile; fileRef = 237E52FA2168F54B004DB8B1 /* MenuCell.swift */; };
		237E530E21690501004DB8B1 /* RadioStations.json in Resources */ = {isa = PBXBuildFile; fileRef = 237E530921690501004DB8B1 /* RadioStations.json */; };
		237E530F21690501004DB8B1 /* MediaPlayer.swift in Sources */ = {isa = PBXBuildFile; fileRef = 237E530A21690501004DB8B1 /* MediaPlayer.swift */; };
		237E531221690501004DB8B1 /* RadioStation.swift in Sources */ = {isa = PBXBuildFile; fileRef = 237E530D21690501004DB8B1 /* RadioStation.swift */; };
		237E531B21690845004DB8B1 /* StationCell.swift in Sources */ = {isa = PBXBuildFile; fileRef = 237E531A21690845004DB8B1 /* StationCell.swift */; };
		23802F04216D69B7005F36E5 /* beep.mp3 in Resources */ = {isa = PBXBuildFile; fileRef = 23802F03216D69B7005F36E5 /* beep.mp3 */; };
		23802F08216D9F19005F36E5 /* Assets.xcassets in Resources */ = {isa = PBXBuildFile; fileRef = 23802F07216D9F19005F36E5 /* Assets.xcassets */; };
		23802F0F216DF484005F36E5 /* Enums.swift in Sources */ = {isa = PBXBuildFile; fileRef = 23802F0E216DF484005F36E5 /* Enums.swift */; };
		2398D3F421626EC20098F96F /* StreamingVideo.swift in Sources */ = {isa = PBXBuildFile; fileRef = 2398D3F321626EC20098F96F /* StreamingVideo.swift */; };
		2398D3F621627A380098F96F /* VideoCell.swift in Sources */ = {isa = PBXBuildFile; fileRef = 2398D3F521627A380098F96F /* VideoCell.swift */; };
		23B08394215D820B001A788F /* WebVC.swift in Sources */ = {isa = PBXBuildFile; fileRef = 23B08393215D820B001A788F /* WebVC.swift */; };
		23B08396215D85FA001A788F /* FaveArticlesVC.swift in Sources */ = {isa = PBXBuildFile; fileRef = 23B08395215D85FA001A788F /* FaveArticlesVC.swift */; };
		23B6C399219371C2007346FA /* LoadingVC.swift in Sources */ = {isa = PBXBuildFile; fileRef = 23B6C398219371C2007346FA /* LoadingVC.swift */; };
		23B6C39B21937277007346FA /* beep.mp3 in Sources */ = {isa = PBXBuildFile; fileRef = 23802F03216D69B7005F36E5 /* beep.mp3 */; };
		23B6C39D21937439007346FA /* newsvideo.mp4 in Resources */ = {isa = PBXBuildFile; fileRef = 23B6C39C21937439007346FA /* newsvideo.mp4 */; };
		23BA03282173EEE300FFB0B0 /* String+.swift in Sources */ = {isa = PBXBuildFile; fileRef = 23BA03272173EEE300FFB0B0 /* String+.swift */; };
		23BA032A2173EEF800FFB0B0 /* UIColor+.swift in Sources */ = {isa = PBXBuildFile; fileRef = 23BA03292173EEF800FFB0B0 /* UIColor+.swift */; };
		23BA032C2173EF2C00FFB0B0 /* UIView+.swift in Sources */ = {isa = PBXBuildFile; fileRef = 23BA032B2173EF2C00FFB0B0 /* UIView+.swift */; };
		23BA032E2173F66700FFB0B0 /* ArticleViewModel.swift in Sources */ = {isa = PBXBuildFile; fileRef = 23BA032D2173F66700FFB0B0 /* ArticleViewModel.swift */; };
		23BA03302173F6D700FFB0B0 /* VideoViewModel.swift in Sources */ = {isa = PBXBuildFile; fileRef = 23BA032F2173F6D700FFB0B0 /* VideoViewModel.swift */; };
		23C1BDBA216AF73C009B194C /* SettingsVC.swift in Sources */ = {isa = PBXBuildFile; fileRef = 23C1BDB9216AF73C009B194C /* SettingsVC.swift */; };
		23C539D32180E1A700DDF9CB /* NetworkAvailable.swift in Sources */ = {isa = PBXBuildFile; fileRef = 23C539D22180E1A700DDF9CB /* NetworkAvailable.swift */; };
		23C539D52180E24400DDF9CB /* OfflineView.swift in Sources */ = {isa = PBXBuildFile; fileRef = 23C539D42180E24400DDF9CB /* OfflineView.swift */; };
		23D3D3052170DF2C005D155F /* Animations.swift in Sources */ = {isa = PBXBuildFile; fileRef = 23D3D3042170DF2C005D155F /* Animations.swift */; };
		23D481C3215CA01E000DAEB0 /* SideMenuVC.swift in Sources */ = {isa = PBXBuildFile; fileRef = 23D481C2215CA01E000DAEB0 /* SideMenuVC.swift */; };
		23DE35DD217A069700854AC5 /* DownloadableVideos.json in Resources */ = {isa = PBXBuildFile; fileRef = 23DE35DB217A069700854AC5 /* DownloadableVideos.json */; };
		23DE35DE217A069700854AC5 /* StreamingVideos.json in Resources */ = {isa = PBXBuildFile; fileRef = 23DE35DC217A069700854AC5 /* StreamingVideos.json */; };
		23DE35E0217A139300854AC5 /* VideoDataService.swift in Sources */ = {isa = PBXBuildFile; fileRef = 23DE35DF217A139300854AC5 /* VideoDataService.swift */; };
		23E06F1B2144236100F89F9D /* AppDelegate.swift in Sources */ = {isa = PBXBuildFile; fileRef = 23E06F1A2144236100F89F9D /* AppDelegate.swift */; };
		23E06F1D2144236100F89F9D /* ArticleVC.swift in Sources */ = {isa = PBXBuildFile; fileRef = 23E06F1C2144236100F89F9D /* ArticleVC.swift */; };
		23E06F202144236100F89F9D /* Main.storyboard in Resources */ = {isa = PBXBuildFile; fileRef = 23E06F1E2144236100F89F9D /* Main.storyboard */; };
		23E06F282144236300F89F9D /* LaunchScreen.storyboard in Resources */ = {isa = PBXBuildFile; fileRef = 23E06F262144236300F89F9D /* LaunchScreen.storyboard */; };
		23E06F332144236300F89F9D /* PaperBoyTests.swift in Sources */ = {isa = PBXBuildFile; fileRef = 23E06F322144236300F89F9D /* PaperBoyTests.swift */; };
		23E06F3E2144236300F89F9D /* PaperBoyUITests.swift in Sources */ = {isa = PBXBuildFile; fileRef = 23E06F3D2144236300F89F9D /* PaperBoyUITests.swift */; };
		23EA14652194D5270062A71D /* UIImageView+.swift in Sources */ = {isa = PBXBuildFile; fileRef = 23EA14642194D5270062A71D /* UIImageView+.swift */; };
		23EA14672194D5730062A71D /* UIImage+.swift in Sources */ = {isa = PBXBuildFile; fileRef = 23EA14662194D5730062A71D /* UIImage+.swift */; };
		23EA14692194D6240062A71D /* ImageCacheService.swift in Sources */ = {isa = PBXBuildFile; fileRef = 23EA14682194D6240062A71D /* ImageCacheService.swift */; };
		23EA146B2194E0E70062A71D /* UpdatedHeaderView.swift in Sources */ = {isa = PBXBuildFile; fileRef = 23EA146A2194E0E70062A71D /* UpdatedHeaderView.swift */; };
		23EA147621988BE90062A71D /* RadioDataService.swift in Sources */ = {isa = PBXBuildFile; fileRef = 237E530721690435004DB8B1 /* RadioDataService.swift */; };
		23F33B64215D734900F7853C /* ArticleDetailView.swift in Sources */ = {isa = PBXBuildFile; fileRef = 23F33B63215D734900F7853C /* ArticleDetailView.swift */; };
		23F33B66215D735400F7853C /* ArticleDetailView.xib in Resources */ = {isa = PBXBuildFile; fileRef = 23F33B65215D735400F7853C /* ArticleDetailView.xib */; };
		23F5DA3F216917200052E5CB /* NowPlayingVC.swift in Sources */ = {isa = PBXBuildFile; fileRef = 23F5DA3E216917200052E5CB /* NowPlayingVC.swift */; };
		23F9D50E217E0C710042B83D /* OfflineVC.swift in Sources */ = {isa = PBXBuildFile; fileRef = 23F9D50D217E0C710042B83D /* OfflineVC.swift */; };
		574BB9C6701A53FC014CE92A /* Pods_PaperBoyUITests.framework in Frameworks */ = {isa = PBXBuildFile; fileRef = 0205F543C7C65368FA2B6815 /* Pods_PaperBoyUITests.framework */; };
		9F5C8FD66E997DA6CCAFB3DD /* Pods_PaperBoyTests.framework in Frameworks */ = {isa = PBXBuildFile; fileRef = 6EA41908FAB8F38A09C23797 /* Pods_PaperBoyTests.framework */; };
		A1EEB92BB257CDF3A7F08B0A /* Pods_PaperBoy.framework in Frameworks */ = {isa = PBXBuildFile; fileRef = 6032A7DEC2A8F25CBBE85431 /* Pods_PaperBoy.framework */; };
/* End PBXBuildFile section */

/* Begin PBXContainerItemProxy section */
		23E06F2F2144236300F89F9D /* PBXContainerItemProxy */ = {
			isa = PBXContainerItemProxy;
			containerPortal = 23E06F0F2144236100F89F9D /* Project object */;
			proxyType = 1;
			remoteGlobalIDString = 23E06F162144236100F89F9D;
			remoteInfo = PaperBoy;
		};
		23E06F3A2144236300F89F9D /* PBXContainerItemProxy */ = {
			isa = PBXContainerItemProxy;
			containerPortal = 23E06F0F2144236100F89F9D /* Project object */;
			proxyType = 1;
			remoteGlobalIDString = 23E06F162144236100F89F9D;
			remoteInfo = PaperBoy;
		};
/* End PBXContainerItemProxy section */

/* Begin PBXCopyFilesBuildPhase section */
		23DE35D9217A006200854AC5 /* CopyFiles */ = {
			isa = PBXCopyFilesBuildPhase;
			buildActionMask = 2147483647;
			dstPath = "";
			dstSubfolderSpec = 7;
			files = (
			);
			runOnlyForDeploymentPostprocessing = 0;
		};
/* End PBXCopyFilesBuildPhase section */

/* Begin PBXFileReference section */
		0205F543C7C65368FA2B6815 /* Pods_PaperBoyUITests.framework */ = {isa = PBXFileReference; explicitFileType = wrapper.framework; includeInIndex = 0; path = Pods_PaperBoyUITests.framework; sourceTree = BUILT_PRODUCTS_DIR; };
		150E4931DB750540996E105B /* Pods-PaperBoyUITests.release.xcconfig */ = {isa = PBXFileReference; includeInIndex = 1; lastKnownFileType = text.xcconfig; name = "Pods-PaperBoyUITests.release.xcconfig"; path = "Pods/Target Support Files/Pods-PaperBoyUITests/Pods-PaperBoyUITests.release.xcconfig"; sourceTree = "<group>"; };
		2305898D216DFDB500BDAC42 /* UIFont+.swift */ = {isa = PBXFileReference; lastKnownFileType = sourcecode.swift; path = "UIFont+.swift"; sourceTree = "<group>"; };
		23087636215E6BE200266F2A /* SearchVC.swift */ = {isa = PBXFileReference; lastKnownFileType = sourcecode.swift; path = SearchVC.swift; sourceTree = "<group>"; };
		2308763C215EAB8800266F2A /* RealmService.swift */ = {isa = PBXFileReference; lastKnownFileType = sourcecode.swift; path = RealmService.swift; sourceTree = "<group>"; };
		231139EF216E6F00004BF758 /* start.gif */ = {isa = PBXFileReference; lastKnownFileType = image.gif; path = start.gif; sourceTree = "<group>"; };
		231139F1216E6F53004BF758 /* video.gif */ = {isa = PBXFileReference; lastKnownFileType = image.gif; path = video.gif; sourceTree = "<group>"; };
		231139F3216E70A7004BF758 /* favorites.gif */ = {isa = PBXFileReference; lastKnownFileType = image.gif; path = favorites.gif; sourceTree = "<group>"; };
		231139F5216E7440004BF758 /* radio.gif */ = {isa = PBXFileReference; lastKnownFileType = image.gif; path = radio.gif; sourceTree = "<group>"; };
		231139F7216E756E004BF758 /* search.gif */ = {isa = PBXFileReference; lastKnownFileType = image.gif; path = search.gif; sourceTree = "<group>"; };
		231139F9216E7808004BF758 /* read.gif */ = {isa = PBXFileReference; lastKnownFileType = image.gif; path = read.gif; sourceTree = "<group>"; };
		231D70EC215FB71900E2CCC9 /* SmallArticleLeftCell.swift */ = {isa = PBXFileReference; lastKnownFileType = sourcecode.swift; path = SmallArticleLeftCell.swift; sourceTree = "<group>"; };
		231D70EE215FB91D00E2CCC9 /* SmallArticleLeftCell.xib */ = {isa = PBXFileReference; lastKnownFileType = file.xib; path = SmallArticleLeftCell.xib; sourceTree = "<group>"; };
		232617EB2171225600865D98 /* RadioViewModel.swift */ = {isa = PBXFileReference; lastKnownFileType = sourcecode.swift; path = RadioViewModel.swift; sourceTree = "<group>"; };
		2361ABBE2174FF7E00C8F556 /* DownloadableVideo.swift */ = {isa = PBXFileReference; lastKnownFileType = sourcecode.swift; path = DownloadableVideo.swift; sourceTree = "<group>"; };
		23674421216B37840072BE80 /* VideoCell.xib */ = {isa = PBXFileReference; lastKnownFileType = file.xib; path = VideoCell.xib; sourceTree = "<group>"; };
		237E092E215BEA1B0039FE28 /* Article.swift */ = {isa = PBXFileReference; lastKnownFileType = sourcecode.swift; path = Article.swift; sourceTree = "<group>"; };
		237E0930215BEA390039FE28 /* ArticleDataService.swift */ = {isa = PBXFileReference; lastKnownFileType = sourcecode.swift; path = ArticleDataService.swift; sourceTree = "<group>"; };
		237E0932215BED7D0039FE28 /* APIKeys.swift */ = {isa = PBXFileReference; lastKnownFileType = sourcecode.swift; path = APIKeys.swift; sourceTree = "<group>"; };
		237E0934215C00A40039FE28 /* UpdatedCell.swift */ = {isa = PBXFileReference; lastKnownFileType = sourcecode.swift; path = UpdatedCell.swift; sourceTree = "<group>"; };
		237E0936215C04550039FE28 /* UpdatedCell.xib */ = {isa = PBXFileReference; lastKnownFileType = file.xib; path = UpdatedCell.xib; sourceTree = "<group>"; };
		237E0938215C05090039FE28 /* ArticleCell.swift */ = {isa = PBXFileReference; lastKnownFileType = sourcecode.swift; path = ArticleCell.swift; sourceTree = "<group>"; };
		237E093C215C17260039FE28 /* DateformatterService.swift */ = {isa = PBXFileReference; lastKnownFileType = sourcecode.swift; path = DateformatterService.swift; sourceTree = "<group>"; };
		237E093E215C195F0039FE28 /* ArticleCell.xib */ = {isa = PBXFileReference; lastKnownFileType = file.xib; path = ArticleCell.xib; sourceTree = "<group>"; };
		237E0940215C23C00039FE28 /* SmallArticleRightCell.swift */ = {isa = PBXFileReference; lastKnownFileType = sourcecode.swift; path = SmallArticleRightCell.swift; sourceTree = "<group>"; };
		237E0942215C23EE0039FE28 /* SmallArticleRightCell.xib */ = {isa = PBXFileReference; lastKnownFileType = file.xib; path = SmallArticleRightCell.xib; sourceTree = "<group>"; };
		237E0944215C30B50039FE28 /* Date+.swift */ = {isa = PBXFileReference; lastKnownFileType = sourcecode.swift; path = "Date+.swift"; sourceTree = "<group>"; };
		237E0947215C3DF80039FE28 /* TopicCell.xib */ = {isa = PBXFileReference; lastKnownFileType = file.xib; path = TopicCell.xib; sourceTree = "<group>"; };
		237E0949215C400E0039FE28 /* TopicCell.swift */ = {isa = PBXFileReference; lastKnownFileType = sourcecode.swift; path = TopicCell.swift; sourceTree = "<group>"; };
		237E094B215C5E2E0039FE28 /* ImageService.swift */ = {isa = PBXFileReference; lastKnownFileType = sourcecode.swift; path = ImageService.swift; sourceTree = "<group>"; };
		237E094D215C60FD0039FE28 /* ArticleDVC.swift */ = {isa = PBXFileReference; lastKnownFileType = sourcecode.swift; path = ArticleDVC.swift; sourceTree = "<group>"; };
		237E52F22168EEA4004DB8B1 /* ContainerVC.swift */ = {isa = PBXFileReference; lastKnownFileType = sourcecode.swift; path = ContainerVC.swift; sourceTree = "<group>"; };
		237E52F42168F0C5004DB8B1 /* RadioVC.swift */ = {isa = PBXFileReference; lastKnownFileType = sourcecode.swift; path = RadioVC.swift; sourceTree = "<group>"; };
		237E52F62168F0DC004DB8B1 /* VideoVC.swift */ = {isa = PBXFileReference; lastKnownFileType = sourcecode.swift; path = VideoVC.swift; sourceTree = "<group>"; };
		237E52FA2168F54B004DB8B1 /* MenuCell.swift */ = {isa = PBXFileReference; lastKnownFileType = sourcecode.swift; path = MenuCell.swift; sourceTree = "<group>"; };
		237E530721690435004DB8B1 /* RadioDataService.swift */ = {isa = PBXFileReference; lastKnownFileType = sourcecode.swift; path = RadioDataService.swift; sourceTree = "<group>"; };
		237E530921690501004DB8B1 /* RadioStations.json */ = {isa = PBXFileReference; fileEncoding = 4; lastKnownFileType = text.json; path = RadioStations.json; sourceTree = "<group>"; };
		237E530A21690501004DB8B1 /* MediaPlayer.swift */ = {isa = PBXFileReference; fileEncoding = 4; lastKnownFileType = sourcecode.swift; path = MediaPlayer.swift; sourceTree = "<group>"; };
		237E530D21690501004DB8B1 /* RadioStation.swift */ = {isa = PBXFileReference; fileEncoding = 4; lastKnownFileType = sourcecode.swift; path = RadioStation.swift; sourceTree = "<group>"; };
		237E531A21690845004DB8B1 /* StationCell.swift */ = {isa = PBXFileReference; lastKnownFileType = sourcecode.swift; path = StationCell.swift; sourceTree = "<group>"; };
		23802F03216D69B7005F36E5 /* beep.mp3 */ = {isa = PBXFileReference; lastKnownFileType = audio.mp3; path = beep.mp3; sourceTree = "<group>"; };
		23802F07216D9F19005F36E5 /* Assets.xcassets */ = {isa = PBXFileReference; lastKnownFileType = folder.assetcatalog; path = Assets.xcassets; sourceTree = "<group>"; };
		23802F0E216DF484005F36E5 /* Enums.swift */ = {isa = PBXFileReference; lastKnownFileType = sourcecode.swift; path = Enums.swift; sourceTree = "<group>"; };
		2398D3F321626EC20098F96F /* StreamingVideo.swift */ = {isa = PBXFileReference; lastKnownFileType = sourcecode.swift; path = StreamingVideo.swift; sourceTree = "<group>"; };
		2398D3F521627A380098F96F /* VideoCell.swift */ = {isa = PBXFileReference; lastKnownFileType = sourcecode.swift; path = VideoCell.swift; sourceTree = "<group>"; };
		23B08393215D820B001A788F /* WebVC.swift */ = {isa = PBXFileReference; lastKnownFileType = sourcecode.swift; path = WebVC.swift; sourceTree = "<group>"; };
		23B08395215D85FA001A788F /* FaveArticlesVC.swift */ = {isa = PBXFileReference; lastKnownFileType = sourcecode.swift; path = FaveArticlesVC.swift; sourceTree = "<group>"; };
		23B6C398219371C2007346FA /* LoadingVC.swift */ = {isa = PBXFileReference; lastKnownFileType = sourcecode.swift; path = LoadingVC.swift; sourceTree = "<group>"; };
		23B6C39C21937439007346FA /* newsvideo.mp4 */ = {isa = PBXFileReference; lastKnownFileType = file; path = newsvideo.mp4; sourceTree = "<group>"; };
		23BA03272173EEE300FFB0B0 /* String+.swift */ = {isa = PBXFileReference; lastKnownFileType = sourcecode.swift; path = "String+.swift"; sourceTree = "<group>"; };
		23BA03292173EEF800FFB0B0 /* UIColor+.swift */ = {isa = PBXFileReference; lastKnownFileType = sourcecode.swift; path = "UIColor+.swift"; sourceTree = "<group>"; };
		23BA032B2173EF2C00FFB0B0 /* UIView+.swift */ = {isa = PBXFileReference; lastKnownFileType = sourcecode.swift; path = "UIView+.swift"; sourceTree = "<group>"; };
		23BA032D2173F66700FFB0B0 /* ArticleViewModel.swift */ = {isa = PBXFileReference; lastKnownFileType = sourcecode.swift; path = ArticleViewModel.swift; sourceTree = "<group>"; };
		23BA032F2173F6D700FFB0B0 /* VideoViewModel.swift */ = {isa = PBXFileReference; lastKnownFileType = sourcecode.swift; path = VideoViewModel.swift; sourceTree = "<group>"; };
		23C1BDB9216AF73C009B194C /* SettingsVC.swift */ = {isa = PBXFileReference; lastKnownFileType = sourcecode.swift; path = SettingsVC.swift; sourceTree = "<group>"; };
		23C539D22180E1A700DDF9CB /* NetworkAvailable.swift */ = {isa = PBXFileReference; lastKnownFileType = sourcecode.swift; path = NetworkAvailable.swift; sourceTree = "<group>"; };
		23C539D42180E24400DDF9CB /* OfflineView.swift */ = {isa = PBXFileReference; lastKnownFileType = sourcecode.swift; path = OfflineView.swift; sourceTree = "<group>"; };
		23D3D3042170DF2C005D155F /* Animations.swift */ = {isa = PBXFileReference; lastKnownFileType = sourcecode.swift; path = Animations.swift; sourceTree = "<group>"; };
		23D481C2215CA01E000DAEB0 /* SideMenuVC.swift */ = {isa = PBXFileReference; lastKnownFileType = sourcecode.swift; path = SideMenuVC.swift; sourceTree = "<group>"; };
		23DE35DB217A069700854AC5 /* DownloadableVideos.json */ = {isa = PBXFileReference; fileEncoding = 4; lastKnownFileType = text.json; path = DownloadableVideos.json; sourceTree = "<group>"; };
		23DE35DC217A069700854AC5 /* StreamingVideos.json */ = {isa = PBXFileReference; fileEncoding = 4; lastKnownFileType = text.json; path = StreamingVideos.json; sourceTree = "<group>"; };
		23DE35DF217A139300854AC5 /* VideoDataService.swift */ = {isa = PBXFileReference; lastKnownFileType = sourcecode.swift; path = VideoDataService.swift; sourceTree = "<group>"; };
		23E06F172144236100F89F9D /* PaperBoy.app */ = {isa = PBXFileReference; explicitFileType = wrapper.application; includeInIndex = 0; path = PaperBoy.app; sourceTree = BUILT_PRODUCTS_DIR; };
		23E06F1A2144236100F89F9D /* AppDelegate.swift */ = {isa = PBXFileReference; lastKnownFileType = sourcecode.swift; path = AppDelegate.swift; sourceTree = "<group>"; };
		23E06F1C2144236100F89F9D /* ArticleVC.swift */ = {isa = PBXFileReference; lastKnownFileType = sourcecode.swift; path = ArticleVC.swift; sourceTree = "<group>"; };
		23E06F1F2144236100F89F9D /* Base */ = {isa = PBXFileReference; lastKnownFileType = file.storyboard; name = Base; path = Base.lproj/Main.storyboard; sourceTree = "<group>"; };
		23E06F272144236300F89F9D /* Base */ = {isa = PBXFileReference; lastKnownFileType = file.storyboard; name = Base; path = Base.lproj/LaunchScreen.storyboard; sourceTree = "<group>"; };
		23E06F292144236300F89F9D /* Info.plist */ = {isa = PBXFileReference; lastKnownFileType = text.plist.xml; path = Info.plist; sourceTree = "<group>"; };
		23E06F2E2144236300F89F9D /* PaperBoyTests.xctest */ = {isa = PBXFileReference; explicitFileType = wrapper.cfbundle; includeInIndex = 0; path = PaperBoyTests.xctest; sourceTree = BUILT_PRODUCTS_DIR; };
		23E06F322144236300F89F9D /* PaperBoyTests.swift */ = {isa = PBXFileReference; lastKnownFileType = sourcecode.swift; path = PaperBoyTests.swift; sourceTree = "<group>"; };
		23E06F342144236300F89F9D /* Info.plist */ = {isa = PBXFileReference; lastKnownFileType = text.plist.xml; path = Info.plist; sourceTree = "<group>"; };
		23E06F392144236300F89F9D /* PaperBoyUITests.xctest */ = {isa = PBXFileReference; explicitFileType = wrapper.cfbundle; includeInIndex = 0; path = PaperBoyUITests.xctest; sourceTree = BUILT_PRODUCTS_DIR; };
		23E06F3D2144236300F89F9D /* PaperBoyUITests.swift */ = {isa = PBXFileReference; lastKnownFileType = sourcecode.swift; path = PaperBoyUITests.swift; sourceTree = "<group>"; };
		23E06F3F2144236300F89F9D /* Info.plist */ = {isa = PBXFileReference; lastKnownFileType = text.plist.xml; path = Info.plist; sourceTree = "<group>"; };
		23EA14642194D5270062A71D /* UIImageView+.swift */ = {isa = PBXFileReference; lastKnownFileType = sourcecode.swift; path = "UIImageView+.swift"; sourceTree = "<group>"; };
		23EA14662194D5730062A71D /* UIImage+.swift */ = {isa = PBXFileReference; lastKnownFileType = sourcecode.swift; path = "UIImage+.swift"; sourceTree = "<group>"; };
		23EA14682194D6240062A71D /* ImageCacheService.swift */ = {isa = PBXFileReference; lastKnownFileType = sourcecode.swift; path = ImageCacheService.swift; sourceTree = "<group>"; };
		23EA146A2194E0E70062A71D /* UpdatedHeaderView.swift */ = {isa = PBXFileReference; lastKnownFileType = sourcecode.swift; path = UpdatedHeaderView.swift; sourceTree = "<group>"; };
		23F33B63215D734900F7853C /* ArticleDetailView.swift */ = {isa = PBXFileReference; lastKnownFileType = sourcecode.swift; path = ArticleDetailView.swift; sourceTree = "<group>"; };
		23F33B65215D735400F7853C /* ArticleDetailView.xib */ = {isa = PBXFileReference; lastKnownFileType = file.xib; path = ArticleDetailView.xib; sourceTree = "<group>"; };
		23F5DA3E216917200052E5CB /* NowPlayingVC.swift */ = {isa = PBXFileReference; lastKnownFileType = sourcecode.swift; path = NowPlayingVC.swift; sourceTree = "<group>"; };
		23F9D50D217E0C710042B83D /* OfflineVC.swift */ = {isa = PBXFileReference; lastKnownFileType = sourcecode.swift; path = OfflineVC.swift; sourceTree = "<group>"; };
		4CA2533F5F6123F7CCF38919 /* Pods-PaperBoy.release.xcconfig */ = {isa = PBXFileReference; includeInIndex = 1; lastKnownFileType = text.xcconfig; name = "Pods-PaperBoy.release.xcconfig"; path = "Pods/Target Support Files/Pods-PaperBoy/Pods-PaperBoy.release.xcconfig"; sourceTree = "<group>"; };
		6032A7DEC2A8F25CBBE85431 /* Pods_PaperBoy.framework */ = {isa = PBXFileReference; explicitFileType = wrapper.framework; includeInIndex = 0; path = Pods_PaperBoy.framework; sourceTree = BUILT_PRODUCTS_DIR; };
		6EA41908FAB8F38A09C23797 /* Pods_PaperBoyTests.framework */ = {isa = PBXFileReference; explicitFileType = wrapper.framework; includeInIndex = 0; path = Pods_PaperBoyTests.framework; sourceTree = BUILT_PRODUCTS_DIR; };
		A64F9CF95D4C2E3EEA204E35 /* Pods-PaperBoyTests.release.xcconfig */ = {isa = PBXFileReference; includeInIndex = 1; lastKnownFileType = text.xcconfig; name = "Pods-PaperBoyTests.release.xcconfig"; path = "Pods/Target Support Files/Pods-PaperBoyTests/Pods-PaperBoyTests.release.xcconfig"; sourceTree = "<group>"; };
		AC45F6D7F5CCF4AAF968D90E /* Pods-PaperBoy.debug.xcconfig */ = {isa = PBXFileReference; includeInIndex = 1; lastKnownFileType = text.xcconfig; name = "Pods-PaperBoy.debug.xcconfig"; path = "Pods/Target Support Files/Pods-PaperBoy/Pods-PaperBoy.debug.xcconfig"; sourceTree = "<group>"; };
		AD1BF14746C3F4994A38018C /* Pods-PaperBoyTests.debug.xcconfig */ = {isa = PBXFileReference; includeInIndex = 1; lastKnownFileType = text.xcconfig; name = "Pods-PaperBoyTests.debug.xcconfig"; path = "Pods/Target Support Files/Pods-PaperBoyTests/Pods-PaperBoyTests.debug.xcconfig"; sourceTree = "<group>"; };
		D13C3C05381CF4804D177012 /* Pods-PaperBoyUITests.debug.xcconfig */ = {isa = PBXFileReference; includeInIndex = 1; lastKnownFileType = text.xcconfig; name = "Pods-PaperBoyUITests.debug.xcconfig"; path = "Pods/Target Support Files/Pods-PaperBoyUITests/Pods-PaperBoyUITests.debug.xcconfig"; sourceTree = "<group>"; };
/* End PBXFileReference section */

/* Begin PBXFrameworksBuildPhase section */
		23E06F142144236100F89F9D /* Frameworks */ = {
			isa = PBXFrameworksBuildPhase;
			buildActionMask = 2147483647;
			files = (
				A1EEB92BB257CDF3A7F08B0A /* Pods_PaperBoy.framework in Frameworks */,
			);
			runOnlyForDeploymentPostprocessing = 0;
		};
		23E06F2B2144236300F89F9D /* Frameworks */ = {
			isa = PBXFrameworksBuildPhase;
			buildActionMask = 2147483647;
			files = (
				9F5C8FD66E997DA6CCAFB3DD /* Pods_PaperBoyTests.framework in Frameworks */,
			);
			runOnlyForDeploymentPostprocessing = 0;
		};
		23E06F362144236300F89F9D /* Frameworks */ = {
			isa = PBXFrameworksBuildPhase;
			buildActionMask = 2147483647;
			files = (
				574BB9C6701A53FC014CE92A /* Pods_PaperBoyUITests.framework in Frameworks */,
			);
			runOnlyForDeploymentPostprocessing = 0;
		};
/* End PBXFrameworksBuildPhase section */

/* Begin PBXGroup section */
		237E092D215BE8B10039FE28 /* Resources */ = {
			isa = PBXGroup;
			children = (
				2387BE222182122800F57509 /* Videos */,
				2387BE212182121100F57509 /* Sounds */,
				23B4F9CB21640869002D8C3D /* Gifs */,
				23802F07216D9F19005F36E5 /* Assets.xcassets */,
			);
			path = Resources;
			sourceTree = "<group>";
		};
		237E52FC21690148004DB8B1 /* Article */ = {
			isa = PBXGroup;
			children = (
				231D70EC215FB71900E2CCC9 /* SmallArticleLeftCell.swift */,
				231D70EE215FB91D00E2CCC9 /* SmallArticleLeftCell.xib */,
				237E0940215C23C00039FE28 /* SmallArticleRightCell.swift */,
				237E0942215C23EE0039FE28 /* SmallArticleRightCell.xib */,
				237E0938215C05090039FE28 /* ArticleCell.swift */,
				237E093E215C195F0039FE28 /* ArticleCell.xib */,
				23F33B63215D734900F7853C /* ArticleDetailView.swift */,
				23F33B65215D735400F7853C /* ArticleDetailView.xib */,
				237E0934215C00A40039FE28 /* UpdatedCell.swift */,
				237E0936215C04550039FE28 /* UpdatedCell.xib */,
				23EA146A2194E0E70062A71D /* UpdatedHeaderView.swift */,
				237E0949215C400E0039FE28 /* TopicCell.swift */,
				237E0947215C3DF80039FE28 /* TopicCell.xib */,
				23E06F1C2144236100F89F9D /* ArticleVC.swift */,
				23087636215E6BE200266F2A /* SearchVC.swift */,
				23B08395215D85FA001A788F /* FaveArticlesVC.swift */,
				237E094D215C60FD0039FE28 /* ArticleDVC.swift */,
				23B08393215D820B001A788F /* WebVC.swift */,
			);
			path = Article;
			sourceTree = "<group>";
		};
		237E52FD2169016E004DB8B1 /* Video */ = {
			isa = PBXGroup;
			children = (
				2398D3F521627A380098F96F /* VideoCell.swift */,
				23674421216B37840072BE80 /* VideoCell.xib */,
				237E52F62168F0DC004DB8B1 /* VideoVC.swift */,
			);
			path = Video;
			sourceTree = "<group>";
		};
		237E52FE21690191004DB8B1 /* Radio */ = {
			isa = PBXGroup;
			children = (
				237E531A21690845004DB8B1 /* StationCell.swift */,
				237E52F42168F0C5004DB8B1 /* RadioVC.swift */,
				23F5DA3E216917200052E5CB /* NowPlayingVC.swift */,
			);
			path = Radio;
			sourceTree = "<group>";
		};
		237E52FF216901C1004DB8B1 /* SideMenu */ = {
			isa = PBXGroup;
			children = (
				237E52FA2168F54B004DB8B1 /* MenuCell.swift */,
				23D481C2215CA01E000DAEB0 /* SideMenuVC.swift */,
				23C1BDB9216AF73C009B194C /* SettingsVC.swift */,
			);
			path = SideMenu;
			sourceTree = "<group>";
		};
		23802F0D216DF170005F36E5 /* ViewModel */ = {
			isa = PBXGroup;
			children = (
				23BA032D2173F66700FFB0B0 /* ArticleViewModel.swift */,
				232617EB2171225600865D98 /* RadioViewModel.swift */,
				23BA032F2173F6D700FFB0B0 /* VideoViewModel.swift */,
			);
			path = ViewModel;
			sourceTree = "<group>";
		};
		2387BE212182121100F57509 /* Sounds */ = {
			isa = PBXGroup;
			children = (
				23802F03216D69B7005F36E5 /* beep.mp3 */,
			);
			path = Sounds;
			sourceTree = "<group>";
		};
		2387BE222182122800F57509 /* Videos */ = {
			isa = PBXGroup;
			children = (
				23B6C39C21937439007346FA /* newsvideo.mp4 */,
			);
			path = Videos;
			sourceTree = "<group>";
		};
		23B4F9CB21640869002D8C3D /* Gifs */ = {
			isa = PBXGroup;
			children = (
				231139EF216E6F00004BF758 /* start.gif */,
				231139F1216E6F53004BF758 /* video.gif */,
				231139F5216E7440004BF758 /* radio.gif */,
				231139F3216E70A7004BF758 /* favorites.gif */,
				231139F7216E756E004BF758 /* search.gif */,
				231139F9216E7808004BF758 /* read.gif */,
			);
			path = Gifs;
			sourceTree = "<group>";
		};
		23B6C39321936F2E007346FA /* JSONData */ = {
			isa = PBXGroup;
			children = (
				237E530921690501004DB8B1 /* RadioStations.json */,
				23DE35DC217A069700854AC5 /* StreamingVideos.json */,
				23DE35DB217A069700854AC5 /* DownloadableVideos.json */,
			);
			path = JSONData;
			sourceTree = "<group>";
		};
		23B6C397219371B3007346FA /* Loading */ = {
			isa = PBXGroup;
			children = (
				23B6C398219371C2007346FA /* LoadingVC.swift */,
			);
			path = Loading;
			sourceTree = "<group>";
		};
		23E06F0E2144236100F89F9D = {
			isa = PBXGroup;
			children = (
				23E06F192144236100F89F9D /* PaperBoy */,
				23E06F312144236300F89F9D /* PaperBoyTests */,
				23E06F3C2144236300F89F9D /* PaperBoyUITests */,
				23E06F182144236100F89F9D /* Products */,
				B5615D1A3FE2F5F12E4E817C /* Pods */,
				2B104E4DDAA380D480A3A1A5 /* Frameworks */,
			);
			sourceTree = "<group>";
		};
		23E06F182144236100F89F9D /* Products */ = {
			isa = PBXGroup;
			children = (
				23E06F172144236100F89F9D /* PaperBoy.app */,
				23E06F2E2144236300F89F9D /* PaperBoyTests.xctest */,
				23E06F392144236300F89F9D /* PaperBoyUITests.xctest */,
			);
			name = Products;
			sourceTree = "<group>";
		};
		23E06F192144236100F89F9D /* PaperBoy */ = {
			isa = PBXGroup;
			children = (
				23E06F4E2144239000F89F9D /* Supporting */,
				237E092D215BE8B10039FE28 /* Resources */,
				23E06F4F214423F900F89F9D /* Services */,
				23E06F4B2144236F00F89F9D /* Model */,
				23E06F4C2144237700F89F9D /* View */,
				23802F0D216DF170005F36E5 /* ViewModel */,
			);
			path = PaperBoy;
			sourceTree = "<group>";
		};
		23E06F312144236300F89F9D /* PaperBoyTests */ = {
			isa = PBXGroup;
			children = (
				23E06F322144236300F89F9D /* PaperBoyTests.swift */,
				23E06F342144236300F89F9D /* Info.plist */,
			);
			path = PaperBoyTests;
			sourceTree = "<group>";
		};
		23E06F3C2144236300F89F9D /* PaperBoyUITests */ = {
			isa = PBXGroup;
			children = (
				23E06F3D2144236300F89F9D /* PaperBoyUITests.swift */,
				23E06F3F2144236300F89F9D /* Info.plist */,
			);
			path = PaperBoyUITests;
			sourceTree = "<group>";
		};
		23E06F4B2144236F00F89F9D /* Model */ = {
			isa = PBXGroup;
			children = (
				237E092E215BEA1B0039FE28 /* Article.swift */,
				2398D3F321626EC20098F96F /* StreamingVideo.swift */,
				2361ABBE2174FF7E00C8F556 /* DownloadableVideo.swift */,
				237E530D21690501004DB8B1 /* RadioStation.swift */,
				237E530A21690501004DB8B1 /* MediaPlayer.swift */,
			);
			path = Model;
			sourceTree = "<group>";
		};
		23E06F4C2144237700F89F9D /* View */ = {
			isa = PBXGroup;
			children = (
				23E06F262144236300F89F9D /* LaunchScreen.storyboard */,
				23E06F1E2144236100F89F9D /* Main.storyboard */,
				237E52F22168EEA4004DB8B1 /* ContainerVC.swift */,
				23B6C397219371B3007346FA /* Loading */,
				237E52FF216901C1004DB8B1 /* SideMenu */,
				237E52FC21690148004DB8B1 /* Article */,
				237E52FD2169016E004DB8B1 /* Video */,
				237E52FE21690191004DB8B1 /* Radio */,
				23F9D514217E13720042B83D /* Offline */,
			);
			path = View;
			sourceTree = "<group>";
		};
		23E06F4E2144239000F89F9D /* Supporting */ = {
			isa = PBXGroup;
			children = (
				23E06F292144236300F89F9D /* Info.plist */,
				23E06F1A2144236100F89F9D /* AppDelegate.swift */,
				237E0932215BED7D0039FE28 /* APIKeys.swift */,
				23802F0E216DF484005F36E5 /* Enums.swift */,
				23D3D3042170DF2C005D155F /* Animations.swift */,
				23B6C39321936F2E007346FA /* JSONData */,
				23E079D02173C42800C39FBE /* Extensions */,
			);
			path = Supporting;
			sourceTree = "<group>";
		};
		23E06F4F214423F900F89F9D /* Services */ = {
			isa = PBXGroup;
			children = (
				237E530721690435004DB8B1 /* RadioDataService.swift */,
				237E0930215BEA390039FE28 /* ArticleDataService.swift */,
				23DE35DF217A139300854AC5 /* VideoDataService.swift */,
				237E094B215C5E2E0039FE28 /* ImageService.swift */,
				23EA14682194D6240062A71D /* ImageCacheService.swift */,
				2308763C215EAB8800266F2A /* RealmService.swift */,
				237E093C215C17260039FE28 /* DateformatterService.swift */,
				23C539D22180E1A700DDF9CB /* NetworkAvailable.swift */,
			);
			path = Services;
			sourceTree = "<group>";
		};
		23E079D02173C42800C39FBE /* Extensions */ = {
			isa = PBXGroup;
			children = (
				237E0944215C30B50039FE28 /* Date+.swift */,
				23BA03272173EEE300FFB0B0 /* String+.swift */,
				23BA032B2173EF2C00FFB0B0 /* UIView+.swift */,
				23BA03292173EEF800FFB0B0 /* UIColor+.swift */,
				2305898D216DFDB500BDAC42 /* UIFont+.swift */,
				23EA14642194D5270062A71D /* UIImageView+.swift */,
				23EA14662194D5730062A71D /* UIImage+.swift */,
			);
			path = Extensions;
			sourceTree = "<group>";
		};
		23F9D514217E13720042B83D /* Offline */ = {
			isa = PBXGroup;
			children = (
				23C539D42180E24400DDF9CB /* OfflineView.swift */,
				23F9D50D217E0C710042B83D /* OfflineVC.swift */,
			);
			path = Offline;
			sourceTree = "<group>";
		};
		2B104E4DDAA380D480A3A1A5 /* Frameworks */ = {
			isa = PBXGroup;
			children = (
				6032A7DEC2A8F25CBBE85431 /* Pods_PaperBoy.framework */,
				6EA41908FAB8F38A09C23797 /* Pods_PaperBoyTests.framework */,
				0205F543C7C65368FA2B6815 /* Pods_PaperBoyUITests.framework */,
			);
			name = Frameworks;
			sourceTree = "<group>";
		};
		B5615D1A3FE2F5F12E4E817C /* Pods */ = {
			isa = PBXGroup;
			children = (
				AC45F6D7F5CCF4AAF968D90E /* Pods-PaperBoy.debug.xcconfig */,
				4CA2533F5F6123F7CCF38919 /* Pods-PaperBoy.release.xcconfig */,
				AD1BF14746C3F4994A38018C /* Pods-PaperBoyTests.debug.xcconfig */,
				A64F9CF95D4C2E3EEA204E35 /* Pods-PaperBoyTests.release.xcconfig */,
				D13C3C05381CF4804D177012 /* Pods-PaperBoyUITests.debug.xcconfig */,
				150E4931DB750540996E105B /* Pods-PaperBoyUITests.release.xcconfig */,
			);
			name = Pods;
			sourceTree = "<group>";
		};
/* End PBXGroup section */

/* Begin PBXNativeTarget section */
		23E06F162144236100F89F9D /* PaperBoy */ = {
			isa = PBXNativeTarget;
			buildConfigurationList = 23E06F422144236300F89F9D /* Build configuration list for PBXNativeTarget "PaperBoy" */;
			buildPhases = (
				69B2F0623C7030BFE2F187C6 /* [CP] Check Pods Manifest.lock */,
				23E06F132144236100F89F9D /* Sources */,
				23E06F142144236100F89F9D /* Frameworks */,
				23E06F152144236100F89F9D /* Resources */,
				B6B58139E1ADE4A9E8F0839B /* [CP] Embed Pods Frameworks */,
				23DE35D9217A006200854AC5 /* CopyFiles */,
			);
			buildRules = (
			);
			dependencies = (
			);
			name = PaperBoy;
			productName = PaperBoy;
			productReference = 23E06F172144236100F89F9D /* PaperBoy.app */;
			productType = "com.apple.product-type.application";
		};
		23E06F2D2144236300F89F9D /* PaperBoyTests */ = {
			isa = PBXNativeTarget;
			buildConfigurationList = 23E06F452144236300F89F9D /* Build configuration list for PBXNativeTarget "PaperBoyTests" */;
			buildPhases = (
				A344A5BFD381D8CFB4652DF9 /* [CP] Check Pods Manifest.lock */,
				23E06F2A2144236300F89F9D /* Sources */,
				23E06F2B2144236300F89F9D /* Frameworks */,
				23E06F2C2144236300F89F9D /* Resources */,
			);
			buildRules = (
			);
			dependencies = (
				23E06F302144236300F89F9D /* PBXTargetDependency */,
			);
			name = PaperBoyTests;
			productName = PaperBoyTests;
			productReference = 23E06F2E2144236300F89F9D /* PaperBoyTests.xctest */;
			productType = "com.apple.product-type.bundle.unit-test";
		};
		23E06F382144236300F89F9D /* PaperBoyUITests */ = {
			isa = PBXNativeTarget;
			buildConfigurationList = 23E06F482144236300F89F9D /* Build configuration list for PBXNativeTarget "PaperBoyUITests" */;
			buildPhases = (
				B6F00D95D9800CB34A7EB2BA /* [CP] Check Pods Manifest.lock */,
				23E06F352144236300F89F9D /* Sources */,
				23E06F362144236300F89F9D /* Frameworks */,
				23E06F372144236300F89F9D /* Resources */,
			);
			buildRules = (
			);
			dependencies = (
				23E06F3B2144236300F89F9D /* PBXTargetDependency */,
			);
			name = PaperBoyUITests;
			productName = PaperBoyUITests;
			productReference = 23E06F392144236300F89F9D /* PaperBoyUITests.xctest */;
			productType = "com.apple.product-type.bundle.ui-testing";
		};
/* End PBXNativeTarget section */

/* Begin PBXProject section */
		23E06F0F2144236100F89F9D /* Project object */ = {
			isa = PBXProject;
			attributes = {
				LastSwiftUpdateCheck = 0940;
				LastUpgradeCheck = 0940;
				ORGANIZATIONNAME = "Winston Maragh";
				TargetAttributes = {
					23E06F162144236100F89F9D = {
						CreatedOnToolsVersion = 9.4.1;
						LastSwiftMigration = 1000;
					};
					23E06F2D2144236300F89F9D = {
						CreatedOnToolsVersion = 9.4.1;
						LastSwiftMigration = 1000;
						TestTargetID = 23E06F162144236100F89F9D;
					};
					23E06F382144236300F89F9D = {
						CreatedOnToolsVersion = 9.4.1;
						LastSwiftMigration = 1000;
						TestTargetID = 23E06F162144236100F89F9D;
					};
				};
			};
			buildConfigurationList = 23E06F122144236100F89F9D /* Build configuration list for PBXProject "PaperBoy" */;
			compatibilityVersion = "Xcode 9.3";
			developmentRegion = en;
			hasScannedForEncodings = 0;
			knownRegions = (
				en,
				Base,
			);
			mainGroup = 23E06F0E2144236100F89F9D;
			productRefGroup = 23E06F182144236100F89F9D /* Products */;
			projectDirPath = "";
			projectRoot = "";
			targets = (
				23E06F162144236100F89F9D /* PaperBoy */,
				23E06F2D2144236300F89F9D /* PaperBoyTests */,
				23E06F382144236300F89F9D /* PaperBoyUITests */,
			);
		};
/* End PBXProject section */

/* Begin PBXResourcesBuildPhase section */
		23E06F152144236100F89F9D /* Resources */ = {
			isa = PBXResourcesBuildPhase;
			buildActionMask = 2147483647;
			files = (
				231139F0216E6F00004BF758 /* start.gif in Resources */,
				23802F08216D9F19005F36E5 /* Assets.xcassets in Resources */,
				23802F04216D69B7005F36E5 /* beep.mp3 in Resources */,
				237E530E21690501004DB8B1 /* RadioStations.json in Resources */,
				23B6C39D21937439007346FA /* newsvideo.mp4 in Resources */,
				231D70EF215FB91D00E2CCC9 /* SmallArticleLeftCell.xib in Resources */,
				231139F8216E756E004BF758 /* search.gif in Resources */,
				231139F6216E7440004BF758 /* radio.gif in Resources */,
				231139F2216E6F53004BF758 /* video.gif in Resources */,
				23E06F282144236300F89F9D /* LaunchScreen.storyboard in Resources */,
				237E0943215C23EE0039FE28 /* SmallArticleRightCell.xib in Resources */,
				237E0948215C3DF80039FE28 /* TopicCell.xib in Resources */,
				23E06F202144236100F89F9D /* Main.storyboard in Resources */,
				23674422216B37840072BE80 /* VideoCell.xib in Resources */,
				237E093F215C195F0039FE28 /* ArticleCell.xib in Resources */,
				23F33B66215D735400F7853C /* ArticleDetailView.xib in Resources */,
				231139F4216E70A7004BF758 /* favorites.gif in Resources */,
				23DE35DE217A069700854AC5 /* StreamingVideos.json in Resources */,
				23DE35DD217A069700854AC5 /* DownloadableVideos.json in Resources */,
				231139FA216E7808004BF758 /* read.gif in Resources */,
				237E0937215C04550039FE28 /* UpdatedCell.xib in Resources */,
			);
			runOnlyForDeploymentPostprocessing = 0;
		};
		23E06F2C2144236300F89F9D /* Resources */ = {
			isa = PBXResourcesBuildPhase;
			buildActionMask = 2147483647;
			files = (
			);
			runOnlyForDeploymentPostprocessing = 0;
		};
		23E06F372144236300F89F9D /* Resources */ = {
			isa = PBXResourcesBuildPhase;
			buildActionMask = 2147483647;
			files = (
			);
			runOnlyForDeploymentPostprocessing = 0;
		};
/* End PBXResourcesBuildPhase section */

/* Begin PBXShellScriptBuildPhase section */
		69B2F0623C7030BFE2F187C6 /* [CP] Check Pods Manifest.lock */ = {
			isa = PBXShellScriptBuildPhase;
			buildActionMask = 2147483647;
			files = (
			);
			inputPaths = (
				"${PODS_PODFILE_DIR_PATH}/Podfile.lock",
				"${PODS_ROOT}/Manifest.lock",
			);
			name = "[CP] Check Pods Manifest.lock";
			outputPaths = (
				"$(DERIVED_FILE_DIR)/Pods-PaperBoy-checkManifestLockResult.txt",
			);
			runOnlyForDeploymentPostprocessing = 0;
			shellPath = /bin/sh;
			shellScript = "diff \"${PODS_PODFILE_DIR_PATH}/Podfile.lock\" \"${PODS_ROOT}/Manifest.lock\" > /dev/null\nif [ $? != 0 ] ; then\n    # print error to STDERR\n    echo \"error: The sandbox is not in sync with the Podfile.lock. Run 'pod install' or update your CocoaPods installation.\" >&2\n    exit 1\nfi\n# This output is used by Xcode 'outputs' to avoid re-running this script phase.\necho \"SUCCESS\" > \"${SCRIPT_OUTPUT_FILE_0}\"\n";
			showEnvVarsInLog = 0;
		};
		A344A5BFD381D8CFB4652DF9 /* [CP] Check Pods Manifest.lock */ = {
			isa = PBXShellScriptBuildPhase;
			buildActionMask = 2147483647;
			files = (
			);
			inputPaths = (
				"${PODS_PODFILE_DIR_PATH}/Podfile.lock",
				"${PODS_ROOT}/Manifest.lock",
			);
			name = "[CP] Check Pods Manifest.lock";
			outputPaths = (
				"$(DERIVED_FILE_DIR)/Pods-PaperBoyTests-checkManifestLockResult.txt",
			);
			runOnlyForDeploymentPostprocessing = 0;
			shellPath = /bin/sh;
			shellScript = "diff \"${PODS_PODFILE_DIR_PATH}/Podfile.lock\" \"${PODS_ROOT}/Manifest.lock\" > /dev/null\nif [ $? != 0 ] ; then\n    # print error to STDERR\n    echo \"error: The sandbox is not in sync with the Podfile.lock. Run 'pod install' or update your CocoaPods installation.\" >&2\n    exit 1\nfi\n# This output is used by Xcode 'outputs' to avoid re-running this script phase.\necho \"SUCCESS\" > \"${SCRIPT_OUTPUT_FILE_0}\"\n";
			showEnvVarsInLog = 0;
		};
		B6B58139E1ADE4A9E8F0839B /* [CP] Embed Pods Frameworks */ = {
			isa = PBXShellScriptBuildPhase;
			buildActionMask = 2147483647;
			files = (
			);
			inputPaths = (
				"${SRCROOT}/Pods/Target Support Files/Pods-PaperBoy/Pods-PaperBoy-frameworks.sh",
				"${BUILT_PRODUCTS_DIR}/Alamofire/Alamofire.framework",
				"${BUILT_PRODUCTS_DIR}/AlamofireImage/AlamofireImage.framework",
				"${BUILT_PRODUCTS_DIR}/ReachabilitySwift/Reachability.framework",
				"${BUILT_PRODUCTS_DIR}/Realm/Realm.framework",
				"${BUILT_PRODUCTS_DIR}/RealmSwift/RealmSwift.framework",
			);
			name = "[CP] Embed Pods Frameworks";
			outputPaths = (
				"${TARGET_BUILD_DIR}/${FRAMEWORKS_FOLDER_PATH}/Alamofire.framework",
				"${TARGET_BUILD_DIR}/${FRAMEWORKS_FOLDER_PATH}/AlamofireImage.framework",
				"${TARGET_BUILD_DIR}/${FRAMEWORKS_FOLDER_PATH}/Reachability.framework",
				"${TARGET_BUILD_DIR}/${FRAMEWORKS_FOLDER_PATH}/Realm.framework",
				"${TARGET_BUILD_DIR}/${FRAMEWORKS_FOLDER_PATH}/RealmSwift.framework",
			);
			runOnlyForDeploymentPostprocessing = 0;
			shellPath = /bin/sh;
			shellScript = "\"${SRCROOT}/Pods/Target Support Files/Pods-PaperBoy/Pods-PaperBoy-frameworks.sh\"\n";
			showEnvVarsInLog = 0;
		};
		B6F00D95D9800CB34A7EB2BA /* [CP] Check Pods Manifest.lock */ = {
			isa = PBXShellScriptBuildPhase;
			buildActionMask = 2147483647;
			files = (
			);
			inputPaths = (
				"${PODS_PODFILE_DIR_PATH}/Podfile.lock",
				"${PODS_ROOT}/Manifest.lock",
			);
			name = "[CP] Check Pods Manifest.lock";
			outputPaths = (
				"$(DERIVED_FILE_DIR)/Pods-PaperBoyUITests-checkManifestLockResult.txt",
			);
			runOnlyForDeploymentPostprocessing = 0;
			shellPath = /bin/sh;
			shellScript = "diff \"${PODS_PODFILE_DIR_PATH}/Podfile.lock\" \"${PODS_ROOT}/Manifest.lock\" > /dev/null\nif [ $? != 0 ] ; then\n    # print error to STDERR\n    echo \"error: The sandbox is not in sync with the Podfile.lock. Run 'pod install' or update your CocoaPods installation.\" >&2\n    exit 1\nfi\n# This output is used by Xcode 'outputs' to avoid re-running this script phase.\necho \"SUCCESS\" > \"${SCRIPT_OUTPUT_FILE_0}\"\n";
			showEnvVarsInLog = 0;
		};
/* End PBXShellScriptBuildPhase section */

/* Begin PBXSourcesBuildPhase section */
		23E06F132144236100F89F9D /* Sources */ = {
			isa = PBXSourcesBuildPhase;
			buildActionMask = 2147483647;
			files = (
				23B6C39B21937277007346FA /* beep.mp3 in Sources */,
				23C539D32180E1A700DDF9CB /* NetworkAvailable.swift in Sources */,
				237E52F72168F0DC004DB8B1 /* VideoVC.swift in Sources */,
				237E531B21690845004DB8B1 /* StationCell.swift in Sources */,
				237E531221690501004DB8B1 /* RadioStation.swift in Sources */,
				237E52FB2168F54B004DB8B1 /* MenuCell.swift in Sources */,
				23BA032C2173EF2C00FFB0B0 /* UIView+.swift in Sources */,
				237E0945215C30B50039FE28 /* Date+.swift in Sources */,
				23F33B64215D734900F7853C /* ArticleDetailView.swift in Sources */,
				237E0931215BEA390039FE28 /* ArticleDataService.swift in Sources */,
				2308763D215EAB8800266F2A /* RealmService.swift in Sources */,
				237E0933215BED7D0039FE28 /* APIKeys.swift in Sources */,
				237E094E215C60FD0039FE28 /* ArticleDVC.swift in Sources */,
				23EA146B2194E0E70062A71D /* UpdatedHeaderView.swift in Sources */,
				237E52F52168F0C5004DB8B1 /* RadioVC.swift in Sources */,
				23EA147621988BE90062A71D /* RadioDataService.swift in Sources */,
				237E52F32168EEA4004DB8B1 /* ContainerVC.swift in Sources */,
				2398D3F621627A380098F96F /* VideoCell.swift in Sources */,
				23EA14672194D5730062A71D /* UIImage+.swift in Sources */,
				237E0935215C00A40039FE28 /* UpdatedCell.swift in Sources */,
				237E094A215C400E0039FE28 /* TopicCell.swift in Sources */,
				23E06F1D2144236100F89F9D /* ArticleVC.swift in Sources */,
				23B08394215D820B001A788F /* WebVC.swift in Sources */,
				237E530F21690501004DB8B1 /* MediaPlayer.swift in Sources */,
				232617EC2171225600865D98 /* RadioViewModel.swift in Sources */,
				23EA14652194D5270062A71D /* UIImageView+.swift in Sources */,
				237E0941215C23C00039FE28 /* SmallArticleRightCell.swift in Sources */,
				2305898E216DFDB500BDAC42 /* UIFont+.swift in Sources */,
				23087637215E6BE200266F2A /* SearchVC.swift in Sources */,
				23BA032A2173EEF800FFB0B0 /* UIColor+.swift in Sources */,
				23BA03282173EEE300FFB0B0 /* String+.swift in Sources */,
				237E0939215C05090039FE28 /* ArticleCell.swift in Sources */,
				237E092F215BEA1B0039FE28 /* Article.swift in Sources */,
				23EA14692194D6240062A71D /* ImageCacheService.swift in Sources */,
				237E093D215C17260039FE28 /* DateformatterService.swift in Sources */,
				23D481C3215CA01E000DAEB0 /* SideMenuVC.swift in Sources */,
				23F9D50E217E0C710042B83D /* OfflineVC.swift in Sources */,
				23B6C399219371C2007346FA /* LoadingVC.swift in Sources */,
				23BA03302173F6D700FFB0B0 /* VideoViewModel.swift in Sources */,
				23E06F1B2144236100F89F9D /* AppDelegate.swift in Sources */,
				23B08396215D85FA001A788F /* FaveArticlesVC.swift in Sources */,
				237E094C215C5E2E0039FE28 /* ImageService.swift in Sources */,
				23BA032E2173F66700FFB0B0 /* ArticleViewModel.swift in Sources */,
				2361ABBF2174FF7E00C8F556 /* DownloadableVideo.swift in Sources */,
				23C539D52180E24400DDF9CB /* OfflineView.swift in Sources */,
				231D70ED215FB71900E2CCC9 /* SmallArticleLeftCell.swift in Sources */,
				23F5DA3F216917200052E5CB /* NowPlayingVC.swift in Sources */,
				23D3D3052170DF2C005D155F /* Animations.swift in Sources */,
				2398D3F421626EC20098F96F /* StreamingVideo.swift in Sources */,
				23DE35E0217A139300854AC5 /* VideoDataService.swift in Sources */,
				23802F0F216DF484005F36E5 /* Enums.swift in Sources */,
				23C1BDBA216AF73C009B194C /* SettingsVC.swift in Sources */,
			);
			runOnlyForDeploymentPostprocessing = 0;
		};
		23E06F2A2144236300F89F9D /* Sources */ = {
			isa = PBXSourcesBuildPhase;
			buildActionMask = 2147483647;
			files = (
				23E06F332144236300F89F9D /* PaperBoyTests.swift in Sources */,
			);
			runOnlyForDeploymentPostprocessing = 0;
		};
		23E06F352144236300F89F9D /* Sources */ = {
			isa = PBXSourcesBuildPhase;
			buildActionMask = 2147483647;
			files = (
				23E06F3E2144236300F89F9D /* PaperBoyUITests.swift in Sources */,
			);
			runOnlyForDeploymentPostprocessing = 0;
		};
/* End PBXSourcesBuildPhase section */

/* Begin PBXTargetDependency section */
		23E06F302144236300F89F9D /* PBXTargetDependency */ = {
			isa = PBXTargetDependency;
			target = 23E06F162144236100F89F9D /* PaperBoy */;
			targetProxy = 23E06F2F2144236300F89F9D /* PBXContainerItemProxy */;
		};
		23E06F3B2144236300F89F9D /* PBXTargetDependency */ = {
			isa = PBXTargetDependency;
			target = 23E06F162144236100F89F9D /* PaperBoy */;
			targetProxy = 23E06F3A2144236300F89F9D /* PBXContainerItemProxy */;
		};
/* End PBXTargetDependency section */

/* Begin PBXVariantGroup section */
		23E06F1E2144236100F89F9D /* Main.storyboard */ = {
			isa = PBXVariantGroup;
			children = (
				23E06F1F2144236100F89F9D /* Base */,
			);
			name = Main.storyboard;
			sourceTree = "<group>";
		};
		23E06F262144236300F89F9D /* LaunchScreen.storyboard */ = {
			isa = PBXVariantGroup;
			children = (
				23E06F272144236300F89F9D /* Base */,
			);
			name = LaunchScreen.storyboard;
			sourceTree = "<group>";
		};
/* End PBXVariantGroup section */

/* Begin XCBuildConfiguration section */
		23E06F402144236300F89F9D /* Debug */ = {
			isa = XCBuildConfiguration;
			buildSettings = {
				ALWAYS_SEARCH_USER_PATHS = NO;
				CLANG_ANALYZER_NONNULL = YES;
				CLANG_ANALYZER_NUMBER_OBJECT_CONVERSION = YES_AGGRESSIVE;
				CLANG_CXX_LANGUAGE_STANDARD = "gnu++14";
				CLANG_CXX_LIBRARY = "libc++";
				CLANG_ENABLE_MODULES = YES;
				CLANG_ENABLE_OBJC_ARC = YES;
				CLANG_ENABLE_OBJC_WEAK = YES;
				CLANG_WARN_BLOCK_CAPTURE_AUTORELEASING = YES;
				CLANG_WARN_BOOL_CONVERSION = YES;
				CLANG_WARN_COMMA = YES;
				CLANG_WARN_CONSTANT_CONVERSION = YES;
				CLANG_WARN_DEPRECATED_OBJC_IMPLEMENTATIONS = YES;
				CLANG_WARN_DIRECT_OBJC_ISA_USAGE = YES_ERROR;
				CLANG_WARN_DOCUMENTATION_COMMENTS = YES;
				CLANG_WARN_EMPTY_BODY = YES;
				CLANG_WARN_ENUM_CONVERSION = YES;
				CLANG_WARN_INFINITE_RECURSION = YES;
				CLANG_WARN_INT_CONVERSION = YES;
				CLANG_WARN_NON_LITERAL_NULL_CONVERSION = YES;
				CLANG_WARN_OBJC_IMPLICIT_RETAIN_SELF = YES;
				CLANG_WARN_OBJC_LITERAL_CONVERSION = YES;
				CLANG_WARN_OBJC_ROOT_CLASS = YES_ERROR;
				CLANG_WARN_RANGE_LOOP_ANALYSIS = YES;
				CLANG_WARN_STRICT_PROTOTYPES = YES;
				CLANG_WARN_SUSPICIOUS_MOVE = YES;
				CLANG_WARN_UNGUARDED_AVAILABILITY = YES_AGGRESSIVE;
				CLANG_WARN_UNREACHABLE_CODE = YES;
				CLANG_WARN__DUPLICATE_METHOD_MATCH = YES;
				CODE_SIGN_IDENTITY = "iPhone Developer";
				COPY_PHASE_STRIP = NO;
				DEBUG_INFORMATION_FORMAT = dwarf;
				ENABLE_STRICT_OBJC_MSGSEND = YES;
				ENABLE_TESTABILITY = YES;
				GCC_C_LANGUAGE_STANDARD = gnu11;
				GCC_DYNAMIC_NO_PIC = NO;
				GCC_NO_COMMON_BLOCKS = YES;
				GCC_OPTIMIZATION_LEVEL = 0;
				GCC_PREPROCESSOR_DEFINITIONS = (
					"DEBUG=1",
					"$(inherited)",
				);
				GCC_WARN_64_TO_32_BIT_CONVERSION = YES;
				GCC_WARN_ABOUT_RETURN_TYPE = YES_ERROR;
				GCC_WARN_UNDECLARED_SELECTOR = YES;
				GCC_WARN_UNINITIALIZED_AUTOS = YES_AGGRESSIVE;
				GCC_WARN_UNUSED_FUNCTION = YES;
				GCC_WARN_UNUSED_VARIABLE = YES;
				IPHONEOS_DEPLOYMENT_TARGET = 11.4;
				MTL_ENABLE_DEBUG_INFO = YES;
				ONLY_ACTIVE_ARCH = YES;
				SDKROOT = iphoneos;
				SWIFT_ACTIVE_COMPILATION_CONDITIONS = DEBUG;
				SWIFT_OPTIMIZATION_LEVEL = "-Onone";
			};
			name = Debug;
		};
		23E06F412144236300F89F9D /* Release */ = {
			isa = XCBuildConfiguration;
			buildSettings = {
				ALWAYS_SEARCH_USER_PATHS = NO;
				CLANG_ANALYZER_NONNULL = YES;
				CLANG_ANALYZER_NUMBER_OBJECT_CONVERSION = YES_AGGRESSIVE;
				CLANG_CXX_LANGUAGE_STANDARD = "gnu++14";
				CLANG_CXX_LIBRARY = "libc++";
				CLANG_ENABLE_MODULES = YES;
				CLANG_ENABLE_OBJC_ARC = YES;
				CLANG_ENABLE_OBJC_WEAK = YES;
				CLANG_WARN_BLOCK_CAPTURE_AUTORELEASING = YES;
				CLANG_WARN_BOOL_CONVERSION = YES;
				CLANG_WARN_COMMA = YES;
				CLANG_WARN_CONSTANT_CONVERSION = YES;
				CLANG_WARN_DEPRECATED_OBJC_IMPLEMENTATIONS = YES;
				CLANG_WARN_DIRECT_OBJC_ISA_USAGE = YES_ERROR;
				CLANG_WARN_DOCUMENTATION_COMMENTS = YES;
				CLANG_WARN_EMPTY_BODY = YES;
				CLANG_WARN_ENUM_CONVERSION = YES;
				CLANG_WARN_INFINITE_RECURSION = YES;
				CLANG_WARN_INT_CONVERSION = YES;
				CLANG_WARN_NON_LITERAL_NULL_CONVERSION = YES;
				CLANG_WARN_OBJC_IMPLICIT_RETAIN_SELF = YES;
				CLANG_WARN_OBJC_LITERAL_CONVERSION = YES;
				CLANG_WARN_OBJC_ROOT_CLASS = YES_ERROR;
				CLANG_WARN_RANGE_LOOP_ANALYSIS = YES;
				CLANG_WARN_STRICT_PROTOTYPES = YES;
				CLANG_WARN_SUSPICIOUS_MOVE = YES;
				CLANG_WARN_UNGUARDED_AVAILABILITY = YES_AGGRESSIVE;
				CLANG_WARN_UNREACHABLE_CODE = YES;
				CLANG_WARN__DUPLICATE_METHOD_MATCH = YES;
				CODE_SIGN_IDENTITY = "iPhone Developer";
				COPY_PHASE_STRIP = NO;
				DEBUG_INFORMATION_FORMAT = "dwarf-with-dsym";
				ENABLE_NS_ASSERTIONS = NO;
				ENABLE_STRICT_OBJC_MSGSEND = YES;
				GCC_C_LANGUAGE_STANDARD = gnu11;
				GCC_NO_COMMON_BLOCKS = YES;
				GCC_WARN_64_TO_32_BIT_CONVERSION = YES;
				GCC_WARN_ABOUT_RETURN_TYPE = YES_ERROR;
				GCC_WARN_UNDECLARED_SELECTOR = YES;
				GCC_WARN_UNINITIALIZED_AUTOS = YES_AGGRESSIVE;
				GCC_WARN_UNUSED_FUNCTION = YES;
				GCC_WARN_UNUSED_VARIABLE = YES;
				IPHONEOS_DEPLOYMENT_TARGET = 11.4;
				MTL_ENABLE_DEBUG_INFO = NO;
				SDKROOT = iphoneos;
				SWIFT_COMPILATION_MODE = wholemodule;
				SWIFT_OPTIMIZATION_LEVEL = "-O";
				VALIDATE_PRODUCT = YES;
			};
			name = Release;
		};
		23E06F432144236300F89F9D /* Debug */ = {
			isa = XCBuildConfiguration;
			baseConfigurationReference = AC45F6D7F5CCF4AAF968D90E /* Pods-PaperBoy.debug.xcconfig */;
			buildSettings = {
				ASSETCATALOG_COMPILER_APPICON_NAME = AppIcon;
				CLANG_ENABLE_MODULES = YES;
				CODE_SIGN_STYLE = Automatic;
				DEVELOPMENT_TEAM = DRF3BB53BA;
				INFOPLIST_FILE = "$(SRCROOT)/PaperBoy/Supporting/Info.plist";
				LD_RUNPATH_SEARCH_PATHS = (
					"$(inherited)",
					"@executable_path/Frameworks",
				);
				PRODUCT_BUNDLE_IDENTIFIER = com.winstonmaragh.PaperBoy;
				PRODUCT_NAME = "$(TARGET_NAME)";
				SWIFT_OPTIMIZATION_LEVEL = "-Onone";
				SWIFT_VERSION = 4.2;
				TARGETED_DEVICE_FAMILY = "1,2";
			};
			name = Debug;
		};
		23E06F442144236300F89F9D /* Release */ = {
			isa = XCBuildConfiguration;
			baseConfigurationReference = 4CA2533F5F6123F7CCF38919 /* Pods-PaperBoy.release.xcconfig */;
			buildSettings = {
				ASSETCATALOG_COMPILER_APPICON_NAME = AppIcon;
				CLANG_ENABLE_MODULES = YES;
				CODE_SIGN_STYLE = Automatic;
				DEVELOPMENT_TEAM = DRF3BB53BA;
				INFOPLIST_FILE = "$(SRCROOT)/PaperBoy/Supporting/Info.plist";
				LD_RUNPATH_SEARCH_PATHS = (
					"$(inherited)",
					"@executable_path/Frameworks",
				);
				PRODUCT_BUNDLE_IDENTIFIER = com.winstonmaragh.PaperBoy;
				PRODUCT_NAME = "$(TARGET_NAME)";
				SWIFT_VERSION = 4.2;
				TARGETED_DEVICE_FAMILY = "1,2";
			};
			name = Release;
		};
		23E06F462144236300F89F9D /* Debug */ = {
			isa = XCBuildConfiguration;
			baseConfigurationReference = AD1BF14746C3F4994A38018C /* Pods-PaperBoyTests.debug.xcconfig */;
			buildSettings = {
				ALWAYS_EMBED_SWIFT_STANDARD_LIBRARIES = YES;
				BUNDLE_LOADER = "$(TEST_HOST)";
				CODE_SIGN_STYLE = Automatic;
				DEVELOPMENT_TEAM = DRF3BB53BA;
				INFOPLIST_FILE = PaperBoyTests/Info.plist;
				LD_RUNPATH_SEARCH_PATHS = (
					"$(inherited)",
					"@executable_path/Frameworks",
					"@loader_path/Frameworks",
				);
				PRODUCT_BUNDLE_IDENTIFIER = com.winstonmaragh.PaperBoyTests;
				PRODUCT_NAME = "$(TARGET_NAME)";
				SWIFT_VERSION = 4.2;
				TARGETED_DEVICE_FAMILY = "1,2";
				TEST_HOST = "$(BUILT_PRODUCTS_DIR)/PaperBoy.app/PaperBoy";
			};
			name = Debug;
		};
		23E06F472144236300F89F9D /* Release */ = {
			isa = XCBuildConfiguration;
			baseConfigurationReference = A64F9CF95D4C2E3EEA204E35 /* Pods-PaperBoyTests.release.xcconfig */;
			buildSettings = {
				ALWAYS_EMBED_SWIFT_STANDARD_LIBRARIES = YES;
				BUNDLE_LOADER = "$(TEST_HOST)";
				CODE_SIGN_STYLE = Automatic;
				DEVELOPMENT_TEAM = DRF3BB53BA;
				INFOPLIST_FILE = PaperBoyTests/Info.plist;
				LD_RUNPATH_SEARCH_PATHS = (
					"$(inherited)",
					"@executable_path/Frameworks",
					"@loader_path/Frameworks",
				);
				PRODUCT_BUNDLE_IDENTIFIER = com.winstonmaragh.PaperBoyTests;
				PRODUCT_NAME = "$(TARGET_NAME)";
				SWIFT_VERSION = 4.2;
				TARGETED_DEVICE_FAMILY = "1,2";
				TEST_HOST = "$(BUILT_PRODUCTS_DIR)/PaperBoy.app/PaperBoy";
			};
			name = Release;
		};
		23E06F492144236300F89F9D /* Debug */ = {
			isa = XCBuildConfiguration;
			baseConfigurationReference = D13C3C05381CF4804D177012 /* Pods-PaperBoyUITests.debug.xcconfig */;
			buildSettings = {
				ALWAYS_EMBED_SWIFT_STANDARD_LIBRARIES = YES;
				CODE_SIGN_STYLE = Automatic;
				DEVELOPMENT_TEAM = DRF3BB53BA;
				INFOPLIST_FILE = PaperBoyUITests/Info.plist;
				LD_RUNPATH_SEARCH_PATHS = (
					"$(inherited)",
					"@executable_path/Frameworks",
					"@loader_path/Frameworks",
				);
				PRODUCT_BUNDLE_IDENTIFIER = com.winstonmaragh.PaperBoyUITests;
				PRODUCT_NAME = "$(TARGET_NAME)";
				SWIFT_VERSION = 4.2;
				TARGETED_DEVICE_FAMILY = "1,2";
				TEST_TARGET_NAME = PaperBoy;
			};
			name = Debug;
		};
		23E06F4A2144236300F89F9D /* Release */ = {
			isa = XCBuildConfiguration;
			baseConfigurationReference = 150E4931DB750540996E105B /* Pods-PaperBoyUITests.release.xcconfig */;
			buildSettings = {
				ALWAYS_EMBED_SWIFT_STANDARD_LIBRARIES = YES;
				CODE_SIGN_STYLE = Automatic;
				DEVELOPMENT_TEAM = DRF3BB53BA;
				INFOPLIST_FILE = PaperBoyUITests/Info.plist;
				LD_RUNPATH_SEARCH_PATHS = (
					"$(inherited)",
					"@executable_path/Frameworks",
					"@loader_path/Frameworks",
				);
				PRODUCT_BUNDLE_IDENTIFIER = com.winstonmaragh.PaperBoyUITests;
				PRODUCT_NAME = "$(TARGET_NAME)";
				SWIFT_VERSION = 4.2;
				TARGETED_DEVICE_FAMILY = "1,2";
				TEST_TARGET_NAME = PaperBoy;
			};
			name = Release;
		};
/* End XCBuildConfiguration section */

/* Begin XCConfigurationList section */
		23E06F122144236100F89F9D /* Build configuration list for PBXProject "PaperBoy" */ = {
			isa = XCConfigurationList;
			buildConfigurations = (
				23E06F402144236300F89F9D /* Debug */,
				23E06F412144236300F89F9D /* Release */,
			);
			defaultConfigurationIsVisible = 0;
			defaultConfigurationName = Release;
		};
		23E06F422144236300F89F9D /* Build configuration list for PBXNativeTarget "PaperBoy" */ = {
			isa = XCConfigurationList;
			buildConfigurations = (
				23E06F432144236300F89F9D /* Debug */,
				23E06F442144236300F89F9D /* Release */,
			);
			defaultConfigurationIsVisible = 0;
			defaultConfigurationName = Release;
		};
		23E06F452144236300F89F9D /* Build configuration list for PBXNativeTarget "PaperBoyTests" */ = {
			isa = XCConfigurationList;
			buildConfigurations = (
				23E06F462144236300F89F9D /* Debug */,
				23E06F472144236300F89F9D /* Release */,
			);
			defaultConfigurationIsVisible = 0;
			defaultConfigurationName = Release;
		};
		23E06F482144236300F89F9D /* Build configuration list for PBXNativeTarget "PaperBoyUITests" */ = {
			isa = XCConfigurationList;
			buildConfigurations = (
				23E06F492144236300F89F9D /* Debug */,
				23E06F4A2144236300F89F9D /* Release */,
			);
			defaultConfigurationIsVisible = 0;
			defaultConfigurationName = Release;
		};
/* End XCConfigurationList section */
	};
	rootObject = 23E06F0F2144236100F89F9D /* Project object */;
}
